# This file was autogenerated by Stack.
# You should not edit this file by hand.
# For more information, please see the documentation at:
#   https://docs.haskellstack.org/en/stable/lock_files

packages:
- completed:
    hackage: hasql-th-0.4.0.11@sha256:3d870f4f60dd23b8cb715d965b8278a33a466f0b0e827f065218ae3c08a64409,2246
    pantry-tree:
      size: 864
      sha256: 1cb2a126a60d353b72a6806965b7680ba420fba7d2b0429252f8756f6b006ae9
  original:
    hackage: hasql-th-0.4.0.11@sha256:3d870f4f60dd23b8cb715d965b8278a33a466f0b0e827f065218ae3c08a64409,2246
- completed:
    hackage: headed-megaparsec-0.2.0.2@sha256:2695b09f0a6208c24f0112fac1b97b392b410ca59db38c6b8a25e175ebf8d661,1571
    pantry-tree:
      size: 383
      sha256: 630ccfe8e3224de8b952aeb4758609aebcd89a2d654d3c0574b7ad40577abe0b
  original:
    hackage: headed-megaparsec-0.2.0.2@sha256:2695b09f0a6208c24f0112fac1b97b392b410ca59db38c6b8a25e175ebf8d661,1571
- completed:
    hackage: lucid-htmx-0.1.0.5@sha256:b03caaac70ccae8875262319cfca16c8423dd404a7835ee876b01eee1586ae0f,1526
    pantry-tree:
      size: 426
      sha256: f48c941d120abb9b43ee19b60bb22d6292dc053d1dcd0aa04d092734115474a3
  original:
    hackage: lucid-htmx-0.1.0.5@sha256:b03caaac70ccae8875262319cfca16c8423dd404a7835ee876b01eee1586ae0f,1526
- completed:
    hackage: lucid-hyperscript-0.1.0.2@sha256:c3b048424e75c0e9cbadc30f7ebeb6abc164c2b45b2c995fd0674d4cc57be216,2035
    pantry-tree:
      size: 502
      sha256: 4fad3e11a8a599a8bc05a9b70d22d29dbdc07740ab8ebd5e4236af37f20ee554
  original:
    hackage: lucid-hyperscript-0.1.0.2@sha256:c3b048424e75c0e9cbadc30f7ebeb6abc164c2b45b2c995fd0674d4cc57be216,2035
- completed:
    hackage: postgresql-syntax-0.4@sha256:df8b65a33f4088eddad25cedbec814e5f34f8e8ae55065139b73bd6da0d66f21,4176
    pantry-tree:
      size: 1227
      sha256: 1942e3259b02a2546bf1fc6fe7f956cbcce724f29c3feea8698ab90a465e499a
  original:
    hackage: postgresql-syntax-0.4@sha256:df8b65a33f4088eddad25cedbec814e5f34f8e8ae55065139b73bd6da0d66f21,4176
- completed:
    hackage: selective-0.5@sha256:dff7715af7cc652f2e695e17674e2b1016ea4f675357291dc78a1f7a3ee5a17f,3470
    pantry-tree:
      size: 1213
      sha256: 413852e35a2f32d09992ded1e0c1edfd3b4e252986e87c6a30c3364eb04ea2c7
  original:
    hackage: selective-0.5@sha256:dff7715af7cc652f2e695e17674e2b1016ea4f675357291dc78a1f7a3ee5a17f,3470
- completed:
    hackage: servant-htmx-0.1.0.1@sha256:280470ac28adb11362929915dce69af0ba5edae9355b09a80d91b558b9fcff7a,1817
    pantry-tree:
      size: 415
      sha256: 388bad47143abf00e408a48bf11e1cc06e31338f5703e22d5a43dcb3d7ecf945
  original:
    hackage: servant-htmx-0.1.0.1@sha256:280470ac28adb11362929915dce69af0ba5edae9355b09a80d91b558b9fcff7a,1817
- completed:
    hackage: servant-lucid-0.9.0.4@sha256:698db96903a145fdef40cc897f8790728642af917c37b941a98b2da872b65f08,1787
    pantry-tree:
      size: 392
      sha256: 39e0e7b2b25980bfe4df036e89959188f9ef9e8c78c85e241fa9a682d1d78cf3
  original:
    hackage: servant-lucid-0.9.0.4@sha256:698db96903a145fdef40cc897f8790728642af917c37b941a98b2da872b65f08,1787
- completed:
    hackage: servant-0.18.3@sha256:0fbf8f9274bdfda6a778d6d7ec714c9f0abd17102af9bc002a93fe3ed284e8ca,5309
    pantry-tree:
      size: 2662
      sha256: 206f6289793fc25e4708e454ebb3e478710e8634017a47f05cff41a20b50a08b
  original:
    hackage: servant-0.18.3@sha256:0fbf8f9274bdfda6a778d6d7ec714c9f0abd17102af9bc002a93fe3ed284e8ca,5309
snapshots:
- completed:
    size: 587819
    url: https://raw.githubusercontent.com/commercialhaskell/stackage-snapshots/master/lts/18/23.yaml
    sha256: 7f69bb29a57495586e7e3ed31ecc59c0d2c959cb23bd52b71ca676f254c9beb1
  original:
    url: https://raw.githubusercontent.com/commercialhaskell/stackage-snapshots/master/lts/18/23.yaml
